
Microsoft Visual Studio Solution File, Format Version 12.00
# Visual Studio Version 17
VisualStudioVersion = 17.5.002.0
MinimumVisualStudioVersion = 10.0.40219.1
Project("{9A19103F-16F7-4668-BE54-9A1E7A4F7556}") = "Ch03CountingCharacters", "Ch03CountingCharacters\Ch03CountingCharacters.csproj", "{36875001-D8F0-4B87-88F0-80204A3FFB5B}"
EndProject
Project("{FAE04EC0-301F-11D3-BF4B-00C04F79EFBC}") = "Ch03BonusMissions", "Ch03BonusMissions\Ch03BonusMissions.csproj", "{4E68977B-C504-43B5-AF1F-2772E652234B}"
EndProject
Project("{FAE04EC0-301F-11D3-BF4B-00C04F79EFBC}") = "Ch03SuperBonus", "Ch03SuperBonus\Ch03SuperBonus.csproj", "{48C83A11-AA91-4A3C-BDEC-660689EEDCE2}"
EndProject
Global
	GlobalSection(SolutionConfigurationPlatforms) = preSolution
		Debug|Any CPU = Debug|Any CPU
		Release|Any CPU = Release|Any CPU
	EndGlobalSection
	GlobalSection(ProjectConfigurationPlatforms) = postSolution
		{36875001-D8F0-4B87-88F0-80204A3FFB5B}.Debug|Any CPU.ActiveCfg = Debug|Any CPU
		{36875001-D8F0-4B87-88F0-80204A3FFB5B}.Debug|Any CPU.Build.0 = Debug|Any CPU
		{36875001-D8F0-4B87-88F0-80204A3FFB5B}.Release|Any CPU.ActiveCfg = Release|Any CPU
		{36875001-D8F0-4B87-88F0-80204A3FFB5B}.Release|Any CPU.Build.0 = Release|Any CPU
		{4E68977B-C504-43B5-AF1F-2772E652234B}.Debug|Any CPU.ActiveCfg = Debug|Any CPU
		{4E68977B-C504-43B5-AF1F-2772E652234B}.Debug|Any CPU.Build.0 = Debug|Any CPU
		{4E68977B-C504-43B5-AF1F-2772E652234B}.Release|Any CPU.ActiveCfg = Release|Any CPU
		{4E68977B-C504-43B5-AF1F-2772E652234B}.Release|Any CPU.Build.0 = Release|Any CPU
		{48C83A11-AA91-4A3C-BDEC-660689EEDCE2}.Debug|Any CPU.ActiveCfg = Debug|Any CPU
		{48C83A11-AA91-4A3C-BDEC-660689EEDCE2}.Debug|Any CPU.Build.0 = Debug|Any CPU
		{48C83A11-AA91-4A3C-BDEC-660689EEDCE2}.Release|Any CPU.ActiveCfg = Release|Any CPU
		{48C83A11-AA91-4A3C-BDEC-660689EEDCE2}.Release|Any CPU.Build.0 = Release|Any CPU
	EndGlobalSection
	GlobalSection(SolutionProperties) = preSolution
		HideSolutionNode = FALSE
	EndGlobalSection
	GlobalSection(ExtensibilityGlobals) = postSolution
		SolutionGuid = {7E72439B-E69B-43DB-AC36-AB3F83D41F42}
	EndGlobalSection
EndGlobal
