
Microsoft Visual Studio Solution File, Format Version 12.00
# Visual Studio Version 17
VisualStudioVersion = 17.5.002.0
MinimumVisualStudioVersion = 10.0.40219.1
Project("{9A19103F-16F7-4668-BE54-9A1E7A4F7556}") = "Ch02AreaOfACircle", "Ch02AreaOfACircle\Ch02AreaOfACircle.csproj", "{29B582CC-805E-44E0-9EBE-5435C3BB9DFB}"
EndProject
Project("{FAE04EC0-301F-11D3-BF4B-00C04F79EFBC}") = "Ch02BonusMission", "Ch02BonusMission\Ch02BonusMission.csproj", "{CD746FC8-8142-4240-B6A0-E31052BC333D}"
EndProject
Global
	GlobalSection(SolutionConfigurationPlatforms) = preSolution
		Debug|Any CPU = Debug|Any CPU
		Release|Any CPU = Release|Any CPU
	EndGlobalSection
	GlobalSection(ProjectConfigurationPlatforms) = postSolution
		{29B582CC-805E-44E0-9EBE-5435C3BB9DFB}.Debug|Any CPU.ActiveCfg = Debug|Any CPU
		{29B582CC-805E-44E0-9EBE-5435C3BB9DFB}.Debug|Any CPU.Build.0 = Debug|Any CPU
		{29B582CC-805E-44E0-9EBE-5435C3BB9DFB}.Release|Any CPU.ActiveCfg = Release|Any CPU
		{29B582CC-805E-44E0-9EBE-5435C3BB9DFB}.Release|Any CPU.Build.0 = Release|Any CPU
		{CD746FC8-8142-4240-B6A0-E31052BC333D}.Debug|Any CPU.ActiveCfg = Debug|Any CPU
		{CD746FC8-8142-4240-B6A0-E31052BC333D}.Debug|Any CPU.Build.0 = Debug|Any CPU
		{CD746FC8-8142-4240-B6A0-E31052BC333D}.Release|Any CPU.ActiveCfg = Release|Any CPU
		{CD746FC8-8142-4240-B6A0-E31052BC333D}.Release|Any CPU.Build.0 = Release|Any CPU
	EndGlobalSection
	GlobalSection(SolutionProperties) = preSolution
		HideSolutionNode = FALSE
	EndGlobalSection
	GlobalSection(ExtensibilityGlobals) = postSolution
		SolutionGuid = {278964A5-6EDA-4160-B747-CAE424A67791}
	EndGlobalSection
EndGlobal
